
Microsoft Visual Studio Solution File, Format Version 12.00
# Visual Studio 15
VisualStudioVersion = 15.0.27004.2006
MinimumVisualStudioVersion = 10.0.40219.1
Project("{FAE04EC0-301F-11D3-BF4B-00C04F79EFBC}") = "CreativeSandbox", "CreativeSandbox\CreativeSandbox.csproj", "{7FE75A9F-CCFA-47EE-8189-9C3DF414C403}"
EndProject
Global
	GlobalSection(SolutionConfigurationPlatforms) = preSolution
		Debug|Any CPU = Debug|Any CPU
		Release|Any CPU = Release|Any CPU
	EndGlobalSection
	GlobalSection(ProjectConfigurationPlatforms) = postSolution
		{7FE75A9F-CCFA-47EE-8189-9C3DF414C403}.Debug|Any CPU.ActiveCfg = Debug|Any CPU
		{7FE75A9F-CCFA-47EE-8189-9C3DF414C403}.Debug|Any CPU.Build.0 = Debug|Any CPU
		{7FE75A9F-CCFA-47EE-8189-9C3DF414C403}.Release|Any CPU.ActiveCfg = Release|Any CPU
		{7FE75A9F-CCFA-47EE-8189-9C3DF414C403}.Release|Any CPU.Build.0 = Release|Any CPU
	EndGlobalSection
	GlobalSection(SolutionProperties) = preSolution
		HideSolutionNode = FALSE
	EndGlobalSection
	GlobalSection(ExtensibilityGlobals) = postSolution
		SolutionGuid = {814FD0BF-2BBB-4747-9B97-5A17A2AC6DE5}
	EndGlobalSection
EndGlobal
